
Microsoft Visual Studio Solution File, Format Version 12.00
Project("{2150E333-8FDC-42A3-9474-1A3956D46DE8}") = "Shared", "Shared", "{660B91EF-DB42-4AC1-BBEE-C56197CFB6CC}"
EndProject
Project("{FAE04EC0-301F-11D3-BF4B-00C04F79EFBC}") = "FvckAds.Generator", "FvckAds.Generator\FvckAds.Generator.csproj", "{02A71685-1F3D-487F-92A5-AAD42A09AE4C}"
EndProject
Project("{2150E333-8FDC-42A3-9474-1A3956D46DE8}") = "FvckAds.StoreApi", "FvckAds.StoreApi", "{82CA56A8-5135-4F42-A3B5-1F7D827EA032}"
EndProject
Project("{2150E333-8FDC-42A3-9474-1A3956D46DE8}") = "Core", "Core", "{001111CD-9F1A-4C97-9019-D6CF017DE909}"
EndProject
Project("{2150E333-8FDC-42A3-9474-1A3956D46DE8}") = "Presentation", "Presentation", "{A0245081-CB29-400C-B5DE-B2A34248CE58}"
EndProject
Project("{2150E333-8FDC-42A3-9474-1A3956D46DE8}") = "Infrastructure", "Infrastructure", "{BAD0A6A8-9E28-4A41-BAF8-D013CA86FF9D}"
EndProject
Project("{2150E333-8FDC-42A3-9474-1A3956D46DE8}") = "FvckAds.ServerApis", "FvckAds.ServerApis", "{826C6EC9-FDFA-4644-A57D-5A55AE896BD1}"
EndProject
Project("{2150E333-8FDC-42A3-9474-1A3956D46DE8}") = "Core", "Core", "{256CF042-F67B-4345-939D-01E4FDF83E89}"
EndProject
Project("{2150E333-8FDC-42A3-9474-1A3956D46DE8}") = "Infrastructure", "Infrastructure", "{ADEBC0EB-ECCC-4A00-8750-FB37E78E5E3E}"
EndProject
Project("{2150E333-8FDC-42A3-9474-1A3956D46DE8}") = "Presentation", "Presentation", "{5F57E277-D8B3-4901-B849-BA4309C56C0D}"
EndProject
Project("{2150E333-8FDC-42A3-9474-1A3956D46DE8}") = "Tools", "Tools", "{AA88AB19-165F-4280-A6AE-2F24A75EF5FE}"
EndProject
Project("{FAE04EC0-301F-11D3-BF4B-00C04F79EFBC}") = "FvckAds.StreamManagerApi", "FvckAds.ServerApis\Presentation\FvckAds.StreamManagerApi\FvckAds.StreamManagerApi.csproj", "{F2D079CF-2939-47EC-8795-540093F0EC66}"
EndProject
Project("{FAE04EC0-301F-11D3-BF4B-00C04F79EFBC}") = "FvckAds.UserManagerApi", "FvckAds.ServerApis\Presentation\FvckAds.UserManagerApi\FvckAds.UserManagerApi.csproj", "{AB02C31C-EC06-4B43-ADA2-7C5BA1BC4D36}"
EndProject
Project("{FAE04EC0-301F-11D3-BF4B-00C04F79EFBC}") = "FvckAds.Infrastructure", "FvckAds.ServerApis\Infrastructure\FvckAds.Infrastructure\FvckAds.Infrastructure.csproj", "{A4CE99C1-7503-4815-9FF8-73359602555F}"
EndProject
Project("{FAE04EC0-301F-11D3-BF4B-00C04F79EFBC}") = "FvckAds.MigrationService", "FvckAds.ServerApis\Infrastructure\FvckAds.MigrationService\FvckAds.MigrationService.csproj", "{0F3C0C53-A4F2-41EE-B2BC-640FE19C64B0}"
EndProject
Project("{FAE04EC0-301F-11D3-BF4B-00C04F79EFBC}") = "FvckAds.Persistence", "FvckAds.ServerApis\Infrastructure\FvckAds.Persistence\FvckAds.Persistence.csproj", "{A27A0B3D-BB6E-465A-A41F-F1BF1B3FB03A}"
EndProject
Project("{FAE04EC0-301F-11D3-BF4B-00C04F79EFBC}") = "FvckAds.Application", "FvckAds.ServerApis\Core\FvckAds.Application\FvckAds.Application.csproj", "{0C1A4181-8A9D-4208-9EAA-205B391F9F14}"
EndProject
Project("{FAE04EC0-301F-11D3-BF4B-00C04F79EFBC}") = "FvckAds.Domain", "FvckAds.ServerApis\Core\FvckAds.Domain\FvckAds.Domain.csproj", "{8E2BD50D-D578-45A7-91EC-64D3FC93873C}"
EndProject
Project("{FAE04EC0-301F-11D3-BF4B-00C04F79EFBC}") = "FvckAds.AppHost", "Shared\FvckAds.AppHost\FvckAds.AppHost.csproj", "{85313A38-438B-4AC2-B7AF-6E70DF781DB9}"
EndProject
Project("{FAE04EC0-301F-11D3-BF4B-00C04F79EFBC}") = "FvckAds.ServiceDefaults", "Shared\FvckAds.ServiceDefaults\FvckAds.ServiceDefaults.csproj", "{47607703-8898-40BA-B314-758D55F2A8D6}"
EndProject
Project("{2150E333-8FDC-42A3-9474-1A3956D46DE8}") = "FvckAds.Client", "FvckAds.Client", "{292E6099-DEE2-40B1-992B-F94D53FD2B47}"
EndProject
Project("{2150E333-8FDC-42A3-9474-1A3956D46DE8}") = "Core", "Core", "{8E18AB52-6B99-46BF-A32B-BD65772F7DC5}"
EndProject
Project("{2150E333-8FDC-42A3-9474-1A3956D46DE8}") = "Infrastructure", "Infrastructure", "{53743AEE-D2A2-493E-9351-3EC2B5E4D9D3}"
EndProject
Project("{2150E333-8FDC-42A3-9474-1A3956D46DE8}") = "Presentation", "Presentation", "{0A19EBEE-5BC5-4049-8EC8-9915578259D0}"
EndProject
Project("{FAE04EC0-301F-11D3-BF4B-00C04F79EFBC}") = "FvckAds.SimpleWeb", "FvckAds.Client\Presentation\FvckAds.SimpleWeb\FvckAds.SimpleWeb.csproj", "{84078052-9D5C-4BF5-947B-119E201C8581}"
EndProject
Project("{FAE04EC0-301F-11D3-BF4B-00C04F79EFBC}") = "FvckAds.Client.Application", "FvckAds.Client\Core\FvckAds.Client.Application\FvckAds.Client.Application.csproj", "{A8E171FD-6A37-4534-9371-1A6746E0890B}"
EndProject
Project("{FAE04EC0-301F-11D3-BF4B-00C04F79EFBC}") = "FvckAds.Client.Infrastructure", "FvckAds.Client\Infrastructure\FvckAds.Client.Infrastructure\FvckAds.Client.Infrastructure.csproj", "{36B14BA4-E354-4868-A1FB-1FDBC1AA7F00}"
EndProject
Project("{FAE04EC0-301F-11D3-BF4B-00C04F79EFBC}") = "FvckAds.StoreApi", "FvckAds.StoreApi\Presentation\FvckAds.StoreApi\FvckAds.StoreApi.csproj", "{D6F1B6FC-C81C-41C4-974F-E22FFB800D16}"
EndProject
Project("{FAE04EC0-301F-11D3-BF4B-00C04F79EFBC}") = "FvckAds.StoreApi.Infrastructure", "FvckAds.StoreApi\Infrastructure\FvckAds.StoreApi.Infrastructure\FvckAds.StoreApi.Infrastructure.csproj", "{9EFA4053-88D2-4723-A1A0-BA7C323FB750}"
EndProject
Project("{FAE04EC0-301F-11D3-BF4B-00C04F79EFBC}") = "FvckAds.StoreApi.Persistence", "FvckAds.StoreApi\Infrastructure\FvckAds.StoreApi.Persistence\FvckAds.StoreApi.Persistence.csproj", "{CF512EDE-242E-43B8-8CAD-1958605D4074}"
EndProject
Project("{FAE04EC0-301F-11D3-BF4B-00C04F79EFBC}") = "FvckAds.StoreApi.Application", "FvckAds.StoreApi\Core\FvckAds.StoreApi.Application\FvckAds.StoreApi.Application.csproj", "{F58D50C0-9E71-4781-8986-25F45E484A34}"
EndProject
Project("{FAE04EC0-301F-11D3-BF4B-00C04F79EFBC}") = "FvckAds.StoreApi.Domain", "FvckAds.StoreApi\Core\FvckAds.StoreApi.Domain\FvckAds.StoreApi.Domain.csproj", "{4489614B-8968-4903-A6C1-D3B169D9403E}"
EndProject
Global
	GlobalSection(SolutionConfigurationPlatforms) = preSolution
		Debug|Any CPU = Debug|Any CPU
		Release|Any CPU = Release|Any CPU
	EndGlobalSection
	GlobalSection(ProjectConfigurationPlatforms) = postSolution
		{02A71685-1F3D-487F-92A5-AAD42A09AE4C}.Debug|Any CPU.ActiveCfg = Debug|Any CPU
		{02A71685-1F3D-487F-92A5-AAD42A09AE4C}.Debug|Any CPU.Build.0 = Debug|Any CPU
		{02A71685-1F3D-487F-92A5-AAD42A09AE4C}.Release|Any CPU.ActiveCfg = Release|Any CPU
		{02A71685-1F3D-487F-92A5-AAD42A09AE4C}.Release|Any CPU.Build.0 = Release|Any CPU
		{F2D079CF-2939-47EC-8795-540093F0EC66}.Debug|Any CPU.ActiveCfg = Debug|Any CPU
		{F2D079CF-2939-47EC-8795-540093F0EC66}.Debug|Any CPU.Build.0 = Debug|Any CPU
		{F2D079CF-2939-47EC-8795-540093F0EC66}.Release|Any CPU.ActiveCfg = Release|Any CPU
		{F2D079CF-2939-47EC-8795-540093F0EC66}.Release|Any CPU.Build.0 = Release|Any CPU
		{AB02C31C-EC06-4B43-ADA2-7C5BA1BC4D36}.Debug|Any CPU.ActiveCfg = Debug|Any CPU
		{AB02C31C-EC06-4B43-ADA2-7C5BA1BC4D36}.Debug|Any CPU.Build.0 = Debug|Any CPU
		{AB02C31C-EC06-4B43-ADA2-7C5BA1BC4D36}.Release|Any CPU.ActiveCfg = Release|Any CPU
		{AB02C31C-EC06-4B43-ADA2-7C5BA1BC4D36}.Release|Any CPU.Build.0 = Release|Any CPU
		{A4CE99C1-7503-4815-9FF8-73359602555F}.Debug|Any CPU.ActiveCfg = Debug|Any CPU
		{A4CE99C1-7503-4815-9FF8-73359602555F}.Debug|Any CPU.Build.0 = Debug|Any CPU
		{A4CE99C1-7503-4815-9FF8-73359602555F}.Release|Any CPU.ActiveCfg = Release|Any CPU
		{A4CE99C1-7503-4815-9FF8-73359602555F}.Release|Any CPU.Build.0 = Release|Any CPU
		{0F3C0C53-A4F2-41EE-B2BC-640FE19C64B0}.Debug|Any CPU.ActiveCfg = Debug|Any CPU
		{0F3C0C53-A4F2-41EE-B2BC-640FE19C64B0}.Debug|Any CPU.Build.0 = Debug|Any CPU
		{0F3C0C53-A4F2-41EE-B2BC-640FE19C64B0}.Release|Any CPU.ActiveCfg = Release|Any CPU
		{0F3C0C53-A4F2-41EE-B2BC-640FE19C64B0}.Release|Any CPU.Build.0 = Release|Any CPU
		{A27A0B3D-BB6E-465A-A41F-F1BF1B3FB03A}.Debug|Any CPU.ActiveCfg = Debug|Any CPU
		{A27A0B3D-BB6E-465A-A41F-F1BF1B3FB03A}.Debug|Any CPU.Build.0 = Debug|Any CPU
		{A27A0B3D-BB6E-465A-A41F-F1BF1B3FB03A}.Release|Any CPU.ActiveCfg = Release|Any CPU
		{A27A0B3D-BB6E-465A-A41F-F1BF1B3FB03A}.Release|Any CPU.Build.0 = Release|Any CPU
		{0C1A4181-8A9D-4208-9EAA-205B391F9F14}.Debug|Any CPU.ActiveCfg = Debug|Any CPU
		{0C1A4181-8A9D-4208-9EAA-205B391F9F14}.Debug|Any CPU.Build.0 = Debug|Any CPU
		{0C1A4181-8A9D-4208-9EAA-205B391F9F14}.Release|Any CPU.ActiveCfg = Release|Any CPU
		{0C1A4181-8A9D-4208-9EAA-205B391F9F14}.Release|Any CPU.Build.0 = Release|Any CPU
		{8E2BD50D-D578-45A7-91EC-64D3FC93873C}.Debug|Any CPU.ActiveCfg = Debug|Any CPU
		{8E2BD50D-D578-45A7-91EC-64D3FC93873C}.Debug|Any CPU.Build.0 = Debug|Any CPU
		{8E2BD50D-D578-45A7-91EC-64D3FC93873C}.Release|Any CPU.ActiveCfg = Release|Any CPU
		{8E2BD50D-D578-45A7-91EC-64D3FC93873C}.Release|Any CPU.Build.0 = Release|Any CPU
		{85313A38-438B-4AC2-B7AF-6E70DF781DB9}.Debug|Any CPU.ActiveCfg = Debug|Any CPU
		{85313A38-438B-4AC2-B7AF-6E70DF781DB9}.Debug|Any CPU.Build.0 = Debug|Any CPU
		{85313A38-438B-4AC2-B7AF-6E70DF781DB9}.Release|Any CPU.ActiveCfg = Release|Any CPU
		{85313A38-438B-4AC2-B7AF-6E70DF781DB9}.Release|Any CPU.Build.0 = Release|Any CPU
		{47607703-8898-40BA-B314-758D55F2A8D6}.Debug|Any CPU.ActiveCfg = Debug|Any CPU
		{47607703-8898-40BA-B314-758D55F2A8D6}.Debug|Any CPU.Build.0 = Debug|Any CPU
		{47607703-8898-40BA-B314-758D55F2A8D6}.Release|Any CPU.ActiveCfg = Release|Any CPU
		{47607703-8898-40BA-B314-758D55F2A8D6}.Release|Any CPU.Build.0 = Release|Any CPU
		{84078052-9D5C-4BF5-947B-119E201C8581}.Debug|Any CPU.ActiveCfg = Debug|Any CPU
		{84078052-9D5C-4BF5-947B-119E201C8581}.Debug|Any CPU.Build.0 = Debug|Any CPU
		{84078052-9D5C-4BF5-947B-119E201C8581}.Release|Any CPU.ActiveCfg = Release|Any CPU
		{84078052-9D5C-4BF5-947B-119E201C8581}.Release|Any CPU.Build.0 = Release|Any CPU
		{A8E171FD-6A37-4534-9371-1A6746E0890B}.Debug|Any CPU.ActiveCfg = Debug|Any CPU
		{A8E171FD-6A37-4534-9371-1A6746E0890B}.Debug|Any CPU.Build.0 = Debug|Any CPU
		{A8E171FD-6A37-4534-9371-1A6746E0890B}.Release|Any CPU.ActiveCfg = Release|Any CPU
		{A8E171FD-6A37-4534-9371-1A6746E0890B}.Release|Any CPU.Build.0 = Release|Any CPU
		{36B14BA4-E354-4868-A1FB-1FDBC1AA7F00}.Debug|Any CPU.ActiveCfg = Debug|Any CPU
		{36B14BA4-E354-4868-A1FB-1FDBC1AA7F00}.Debug|Any CPU.Build.0 = Debug|Any CPU
		{36B14BA4-E354-4868-A1FB-1FDBC1AA7F00}.Release|Any CPU.ActiveCfg = Release|Any CPU
		{36B14BA4-E354-4868-A1FB-1FDBC1AA7F00}.Release|Any CPU.Build.0 = Release|Any CPU
		{D6F1B6FC-C81C-41C4-974F-E22FFB800D16}.Debug|Any CPU.ActiveCfg = Debug|Any CPU
		{D6F1B6FC-C81C-41C4-974F-E22FFB800D16}.Debug|Any CPU.Build.0 = Debug|Any CPU
		{D6F1B6FC-C81C-41C4-974F-E22FFB800D16}.Release|Any CPU.ActiveCfg = Release|Any CPU
		{D6F1B6FC-C81C-41C4-974F-E22FFB800D16}.Release|Any CPU.Build.0 = Release|Any CPU
		{9EFA4053-88D2-4723-A1A0-BA7C323FB750}.Debug|Any CPU.ActiveCfg = Debug|Any CPU
		{9EFA4053-88D2-4723-A1A0-BA7C323FB750}.Debug|Any CPU.Build.0 = Debug|Any CPU
		{9EFA4053-88D2-4723-A1A0-BA7C323FB750}.Release|Any CPU.ActiveCfg = Release|Any CPU
		{9EFA4053-88D2-4723-A1A0-BA7C323FB750}.Release|Any CPU.Build.0 = Release|Any CPU
		{CF512EDE-242E-43B8-8CAD-1958605D4074}.Debug|Any CPU.ActiveCfg = Debug|Any CPU
		{CF512EDE-242E-43B8-8CAD-1958605D4074}.Debug|Any CPU.Build.0 = Debug|Any CPU
		{CF512EDE-242E-43B8-8CAD-1958605D4074}.Release|Any CPU.ActiveCfg = Release|Any CPU
		{CF512EDE-242E-43B8-8CAD-1958605D4074}.Release|Any CPU.Build.0 = Release|Any CPU
		{F58D50C0-9E71-4781-8986-25F45E484A34}.Debug|Any CPU.ActiveCfg = Debug|Any CPU
		{F58D50C0-9E71-4781-8986-25F45E484A34}.Debug|Any CPU.Build.0 = Debug|Any CPU
		{F58D50C0-9E71-4781-8986-25F45E484A34}.Release|Any CPU.ActiveCfg = Release|Any CPU
		{F58D50C0-9E71-4781-8986-25F45E484A34}.Release|Any CPU.Build.0 = Release|Any CPU
		{4489614B-8968-4903-A6C1-D3B169D9403E}.Debug|Any CPU.ActiveCfg = Debug|Any CPU
		{4489614B-8968-4903-A6C1-D3B169D9403E}.Debug|Any CPU.Build.0 = Debug|Any CPU
		{4489614B-8968-4903-A6C1-D3B169D9403E}.Release|Any CPU.ActiveCfg = Release|Any CPU
		{4489614B-8968-4903-A6C1-D3B169D9403E}.Release|Any CPU.Build.0 = Release|Any CPU
	EndGlobalSection
	GlobalSection(NestedProjects) = preSolution
		{001111CD-9F1A-4C97-9019-D6CF017DE909} = {82CA56A8-5135-4F42-A3B5-1F7D827EA032}
		{A0245081-CB29-400C-B5DE-B2A34248CE58} = {82CA56A8-5135-4F42-A3B5-1F7D827EA032}
		{BAD0A6A8-9E28-4A41-BAF8-D013CA86FF9D} = {82CA56A8-5135-4F42-A3B5-1F7D827EA032}
		{256CF042-F67B-4345-939D-01E4FDF83E89} = {826C6EC9-FDFA-4644-A57D-5A55AE896BD1}
		{ADEBC0EB-ECCC-4A00-8750-FB37E78E5E3E} = {826C6EC9-FDFA-4644-A57D-5A55AE896BD1}
		{5F57E277-D8B3-4901-B849-BA4309C56C0D} = {826C6EC9-FDFA-4644-A57D-5A55AE896BD1}
		{02A71685-1F3D-487F-92A5-AAD42A09AE4C} = {AA88AB19-165F-4280-A6AE-2F24A75EF5FE}
		{F2D079CF-2939-47EC-8795-540093F0EC66} = {5F57E277-D8B3-4901-B849-BA4309C56C0D}
		{AB02C31C-EC06-4B43-ADA2-7C5BA1BC4D36} = {5F57E277-D8B3-4901-B849-BA4309C56C0D}
		{A4CE99C1-7503-4815-9FF8-73359602555F} = {ADEBC0EB-ECCC-4A00-8750-FB37E78E5E3E}
		{0F3C0C53-A4F2-41EE-B2BC-640FE19C64B0} = {ADEBC0EB-ECCC-4A00-8750-FB37E78E5E3E}
		{A27A0B3D-BB6E-465A-A41F-F1BF1B3FB03A} = {ADEBC0EB-ECCC-4A00-8750-FB37E78E5E3E}
		{0C1A4181-8A9D-4208-9EAA-205B391F9F14} = {256CF042-F67B-4345-939D-01E4FDF83E89}
		{8E2BD50D-D578-45A7-91EC-64D3FC93873C} = {256CF042-F67B-4345-939D-01E4FDF83E89}
		{85313A38-438B-4AC2-B7AF-6E70DF781DB9} = {660B91EF-DB42-4AC1-BBEE-C56197CFB6CC}
		{47607703-8898-40BA-B314-758D55F2A8D6} = {660B91EF-DB42-4AC1-BBEE-C56197CFB6CC}
		{8E18AB52-6B99-46BF-A32B-BD65772F7DC5} = {292E6099-DEE2-40B1-992B-F94D53FD2B47}
		{53743AEE-D2A2-493E-9351-3EC2B5E4D9D3} = {292E6099-DEE2-40B1-992B-F94D53FD2B47}
		{0A19EBEE-5BC5-4049-8EC8-9915578259D0} = {292E6099-DEE2-40B1-992B-F94D53FD2B47}
		{84078052-9D5C-4BF5-947B-119E201C8581} = {0A19EBEE-5BC5-4049-8EC8-9915578259D0}
		{A8E171FD-6A37-4534-9371-1A6746E0890B} = {8E18AB52-6B99-46BF-A32B-BD65772F7DC5}
		{36B14BA4-E354-4868-A1FB-1FDBC1AA7F00} = {53743AEE-D2A2-493E-9351-3EC2B5E4D9D3}
		{D6F1B6FC-C81C-41C4-974F-E22FFB800D16} = {A0245081-CB29-400C-B5DE-B2A34248CE58}
		{9EFA4053-88D2-4723-A1A0-BA7C323FB750} = {BAD0A6A8-9E28-4A41-BAF8-D013CA86FF9D}
		{CF512EDE-242E-43B8-8CAD-1958605D4074} = {BAD0A6A8-9E28-4A41-BAF8-D013CA86FF9D}
		{F58D50C0-9E71-4781-8986-25F45E484A34} = {001111CD-9F1A-4C97-9019-D6CF017DE909}
		{4489614B-8968-4903-A6C1-D3B169D9403E} = {001111CD-9F1A-4C97-9019-D6CF017DE909}
	EndGlobalSection
EndGlobal
